// !$*UTF8*$!
{
	archiveVersion = 1;
	classes = {
	};
	objectVersion = 50;
	objects = {

/* Begin PBXBuildFile section */
		43BBCF864629DE089E61D198 /* Pods_PFXRxSwiftTests.framework in Frameworks */ = {isa = PBXBuildFile; fileRef = EBA3746065C5EBC8EF114805 /* Pods_PFXRxSwiftTests.framework */; };
		690FFF45F5D11E652B8B0563 /* Pods_PFXRxSwift.framework in Frameworks */ = {isa = PBXBuildFile; fileRef = 2B6DC61497D1CEA7B5A0EEF8 /* Pods_PFXRxSwift.framework */; };
		6E9A62832C8F45933DE57607 /* Pods_PFXRxSwiftUITests.framework in Frameworks */ = {isa = PBXBuildFile; fileRef = 9E9E5E9546B18E6A22167B22 /* Pods_PFXRxSwiftUITests.framework */; };
		D22A6E9D21ED6A8B00A865DC /* AppDelegate.swift in Sources */ = {isa = PBXBuildFile; fileRef = D22A6E9C21ED6A8B00A865DC /* AppDelegate.swift */; };
		D22A6E9F21ED6A8B00A865DC /* ViewController.swift in Sources */ = {isa = PBXBuildFile; fileRef = D22A6E9E21ED6A8B00A865DC /* ViewController.swift */; };
		D22A6EA221ED6A8B00A865DC /* Main.storyboard in Resources */ = {isa = PBXBuildFile; fileRef = D22A6EA021ED6A8B00A865DC /* Main.storyboard */; };
		D22A6EA521ED6A8B00A865DC /* PFXRxSwift.xcdatamodeld in Sources */ = {isa = PBXBuildFile; fileRef = D22A6EA321ED6A8B00A865DC /* PFXRxSwift.xcdatamodeld */; };
		D22A6EA721ED6A8D00A865DC /* Assets.xcassets in Resources */ = {isa = PBXBuildFile; fileRef = D22A6EA621ED6A8D00A865DC /* Assets.xcassets */; };
		D22A6EAA21ED6A8D00A865DC /* LaunchScreen.storyboard in Resources */ = {isa = PBXBuildFile; fileRef = D22A6EA821ED6A8D00A865DC /* LaunchScreen.storyboard */; };
		D22A6EB521ED6A8D00A865DC /* PFXRxSwiftTests.swift in Sources */ = {isa = PBXBuildFile; fileRef = D22A6EB421ED6A8D00A865DC /* PFXRxSwiftTests.swift */; };
		D22A6EC021ED6A8D00A865DC /* PFXRxSwiftUITests.swift in Sources */ = {isa = PBXBuildFile; fileRef = D22A6EBF21ED6A8D00A865DC /* PFXRxSwiftUITests.swift */; };
		D22A6ED621ED791300A865DC /* MainTableViewController.swift in Sources */ = {isa = PBXBuildFile; fileRef = D22A6ED521ED791300A865DC /* MainTableViewController.swift */; };
		D22A6ED821ED795D00A865DC /* lectures.plist in Resources */ = {isa = PBXBuildFile; fileRef = D22A6ED721ED795D00A865DC /* lectures.plist */; };
		D22A6EDA21ED7A8900A865DC /* lectures.storyboard in Resources */ = {isa = PBXBuildFile; fileRef = D22A6ED921ED7A8900A865DC /* lectures.storyboard */; };
		D277F02821F83D0C000D468F /* Lecture01ViewController.swift in Sources */ = {isa = PBXBuildFile; fileRef = D277F02721F83D0C000D468F /* Lecture01ViewController.swift */; };
		D2CC3373222522FC00CFAA28 /* test.txt in Resources */ = {isa = PBXBuildFile; fileRef = D2CC3372222522FC00CFAA28 /* test.txt */; };
		D2D5594921F98AF3008112F9 /* Lecture04ViewController.swift in Sources */ = {isa = PBXBuildFile; fileRef = D2D5593A21F98AF1008112F9 /* Lecture04ViewController.swift */; };
		D2D5594A21F98AF3008112F9 /* Lecture09ViewController.swift in Sources */ = {isa = PBXBuildFile; fileRef = D2D5593B21F98AF1008112F9 /* Lecture09ViewController.swift */; };
		D2D5594B21F98AF3008112F9 /* Lecture13ViewController.swift in Sources */ = {isa = PBXBuildFile; fileRef = D2D5593C21F98AF1008112F9 /* Lecture13ViewController.swift */; };
		D2D5594C21F98AF3008112F9 /* Lecture08ViewController.swift in Sources */ = {isa = PBXBuildFile; fileRef = D2D5593D21F98AF1008112F9 /* Lecture08ViewController.swift */; };
		D2D5594D21F98AF3008112F9 /* Lecture05ViewController.swift in Sources */ = {isa = PBXBuildFile; fileRef = D2D5593E21F98AF2008112F9 /* Lecture05ViewController.swift */; };
		D2D5594E21F98AF3008112F9 /* Lecture15ViewController.swift in Sources */ = {isa = PBXBuildFile; fileRef = D2D5593F21F98AF2008112F9 /* Lecture15ViewController.swift */; };
		D2D5594F21F98AF3008112F9 /* Lecture07ViewController.swift in Sources */ = {isa = PBXBuildFile; fileRef = D2D5594021F98AF2008112F9 /* Lecture07ViewController.swift */; };
		D2D5595021F98AF3008112F9 /* Lecture10ViewController.swift in Sources */ = {isa = PBXBuildFile; fileRef = D2D5594121F98AF2008112F9 /* Lecture10ViewController.swift */; };
		D2D5595121F98AF3008112F9 /* Lecture11ViewController.swift in Sources */ = {isa = PBXBuildFile; fileRef = D2D5594221F98AF2008112F9 /* Lecture11ViewController.swift */; };
		D2D5595221F98AF3008112F9 /* Lecture12ViewController.swift in Sources */ = {isa = PBXBuildFile; fileRef = D2D5594321F98AF2008112F9 /* Lecture12ViewController.swift */; };
		D2D5595321F98AF3008112F9 /* Lecture16ViewController.swift in Sources */ = {isa = PBXBuildFile; fileRef = D2D5594421F98AF2008112F9 /* Lecture16ViewController.swift */; };
		D2D5595421F98AF3008112F9 /* Lecture02ViewController.swift in Sources */ = {isa = PBXBuildFile; fileRef = D2D5594521F98AF2008112F9 /* Lecture02ViewController.swift */; };
		D2D5595521F98AF3008112F9 /* Lecture06ViewController.swift in Sources */ = {isa = PBXBuildFile; fileRef = D2D5594621F98AF2008112F9 /* Lecture06ViewController.swift */; };
		D2D5595621F98AF3008112F9 /* Lecture14ViewController.swift in Sources */ = {isa = PBXBuildFile; fileRef = D2D5594721F98AF2008112F9 /* Lecture14ViewController.swift */; };
		D2D5595721F98AF3008112F9 /* Lecture03ViewController.swift in Sources */ = {isa = PBXBuildFile; fileRef = D2D5594821F98AF3008112F9 /* Lecture03ViewController.swift */; };
/* End PBXBuildFile section */

/* Begin PBXContainerItemProxy section */
		D22A6EB121ED6A8D00A865DC /* PBXContainerItemProxy */ = {
			isa = PBXContainerItemProxy;
			containerPortal = D22A6E9121ED6A8B00A865DC /* Project object */;
			proxyType = 1;
			remoteGlobalIDString = D22A6E9821ED6A8B00A865DC;
			remoteInfo = PFXRxSwift;
		};
		D22A6EBC21ED6A8D00A865DC /* PBXContainerItemProxy */ = {
			isa = PBXContainerItemProxy;
			containerPortal = D22A6E9121ED6A8B00A865DC /* Project object */;
			proxyType = 1;
			remoteGlobalIDString = D22A6E9821ED6A8B00A865DC;
			remoteInfo = PFXRxSwift;
		};
/* End PBXContainerItemProxy section */

/* Begin PBXFileReference section */
		0FA4A0DD4D677C1A4CA2B2D0 /* Pods-PFXRxSwiftTests.debug.xcconfig */ = {isa = PBXFileReference; includeInIndex = 1; lastKnownFileType = text.xcconfig; name = "Pods-PFXRxSwiftTests.debug.xcconfig"; path = "Pods/Target Support Files/Pods-PFXRxSwiftTests/Pods-PFXRxSwiftTests.debug.xcconfig"; sourceTree = "<group>"; };
		1E96DFF6BAFF5F3A50E68DD6 /* Pods-PFXRxSwiftUITests.release.xcconfig */ = {isa = PBXFileReference; includeInIndex = 1; lastKnownFileType = text.xcconfig; name = "Pods-PFXRxSwiftUITests.release.xcconfig"; path = "Pods/Target Support Files/Pods-PFXRxSwiftUITests/Pods-PFXRxSwiftUITests.release.xcconfig"; sourceTree = "<group>"; };
		2B6DC61497D1CEA7B5A0EEF8 /* Pods_PFXRxSwift.framework */ = {isa = PBXFileReference; explicitFileType = wrapper.framework; includeInIndex = 0; path = Pods_PFXRxSwift.framework; sourceTree = BUILT_PRODUCTS_DIR; };
		8A6C6375E10DE3DE0D6230EE /* Pods-PFXRxSwift.debug.xcconfig */ = {isa = PBXFileReference; includeInIndex = 1; lastKnownFileType = text.xcconfig; name = "Pods-PFXRxSwift.debug.xcconfig"; path = "Pods/Target Support Files/Pods-PFXRxSwift/Pods-PFXRxSwift.debug.xcconfig"; sourceTree = "<group>"; };
		9909FED78EB376FA438B0D91 /* Pods-PFXRxSwiftTests.release.xcconfig */ = {isa = PBXFileReference; includeInIndex = 1; lastKnownFileType = text.xcconfig; name = "Pods-PFXRxSwiftTests.release.xcconfig"; path = "Pods/Target Support Files/Pods-PFXRxSwiftTests/Pods-PFXRxSwiftTests.release.xcconfig"; sourceTree = "<group>"; };
		9E9E5E9546B18E6A22167B22 /* Pods_PFXRxSwiftUITests.framework */ = {isa = PBXFileReference; explicitFileType = wrapper.framework; includeInIndex = 0; path = Pods_PFXRxSwiftUITests.framework; sourceTree = BUILT_PRODUCTS_DIR; };
		A7F362A186814BDA62281883 /* Pods-PFXRxSwift.release.xcconfig */ = {isa = PBXFileReference; includeInIndex = 1; lastKnownFileType = text.xcconfig; name = "Pods-PFXRxSwift.release.xcconfig"; path = "Pods/Target Support Files/Pods-PFXRxSwift/Pods-PFXRxSwift.release.xcconfig"; sourceTree = "<group>"; };
		D22A6E9921ED6A8B00A865DC /* PFXRxSwift.app */ = {isa = PBXFileReference; explicitFileType = wrapper.application; includeInIndex = 0; path = PFXRxSwift.app; sourceTree = BUILT_PRODUCTS_DIR; };
		D22A6E9C21ED6A8B00A865DC /* AppDelegate.swift */ = {isa = PBXFileReference; lastKnownFileType = sourcecode.swift; path = AppDelegate.swift; sourceTree = "<group>"; };
		D22A6E9E21ED6A8B00A865DC /* ViewController.swift */ = {isa = PBXFileReference; lastKnownFileType = sourcecode.swift; path = ViewController.swift; sourceTree = "<group>"; };
		D22A6EA121ED6A8B00A865DC /* Base */ = {isa = PBXFileReference; lastKnownFileType = file.storyboard; name = Base; path = Base.lproj/Main.storyboard; sourceTree = "<group>"; };
		D22A6EA421ED6A8B00A865DC /* PFXRxSwift.xcdatamodel */ = {isa = PBXFileReference; lastKnownFileType = wrapper.xcdatamodel; path = PFXRxSwift.xcdatamodel; sourceTree = "<group>"; };
		D22A6EA621ED6A8D00A865DC /* Assets.xcassets */ = {isa = PBXFileReference; lastKnownFileType = folder.assetcatalog; path = Assets.xcassets; sourceTree = "<group>"; };
		D22A6EA921ED6A8D00A865DC /* Base */ = {isa = PBXFileReference; lastKnownFileType = file.storyboard; name = Base; path = Base.lproj/LaunchScreen.storyboard; sourceTree = "<group>"; };
		D22A6EAB21ED6A8D00A865DC /* Info.plist */ = {isa = PBXFileReference; lastKnownFileType = text.plist.xml; path = Info.plist; sourceTree = "<group>"; };
		D22A6EB021ED6A8D00A865DC /* PFXRxSwiftTests.xctest */ = {isa = PBXFileReference; explicitFileType = wrapper.cfbundle; includeInIndex = 0; path = PFXRxSwiftTests.xctest; sourceTree = BUILT_PRODUCTS_DIR; };
		D22A6EB421ED6A8D00A865DC /* PFXRxSwiftTests.swift */ = {isa = PBXFileReference; lastKnownFileType = sourcecode.swift; path = PFXRxSwiftTests.swift; sourceTree = "<group>"; };
		D22A6EB621ED6A8D00A865DC /* Info.plist */ = {isa = PBXFileReference; lastKnownFileType = text.plist.xml; path = Info.plist; sourceTree = "<group>"; };
		D22A6EBB21ED6A8D00A865DC /* PFXRxSwiftUITests.xctest */ = {isa = PBXFileReference; explicitFileType = wrapper.cfbundle; includeInIndex = 0; path = PFXRxSwiftUITests.xctest; sourceTree = BUILT_PRODUCTS_DIR; };
		D22A6EBF21ED6A8D00A865DC /* PFXRxSwiftUITests.swift */ = {isa = PBXFileReference; lastKnownFileType = sourcecode.swift; path = PFXRxSwiftUITests.swift; sourceTree = "<group>"; };
		D22A6EC121ED6A8D00A865DC /* Info.plist */ = {isa = PBXFileReference; lastKnownFileType = text.plist.xml; path = Info.plist; sourceTree = "<group>"; };
		D22A6ED521ED791300A865DC /* MainTableViewController.swift */ = {isa = PBXFileReference; lastKnownFileType = sourcecode.swift; path = MainTableViewController.swift; sourceTree = "<group>"; };
		D22A6ED721ED795D00A865DC /* lectures.plist */ = {isa = PBXFileReference; fileEncoding = 4; lastKnownFileType = text.plist.xml; path = lectures.plist; sourceTree = "<group>"; };
		D22A6ED921ED7A8900A865DC /* lectures.storyboard */ = {isa = PBXFileReference; lastKnownFileType = file.storyboard; path = lectures.storyboard; sourceTree = "<group>"; };
		D277F02721F83D0C000D468F /* Lecture01ViewController.swift */ = {isa = PBXFileReference; lastKnownFileType = sourcecode.swift; path = Lecture01ViewController.swift; sourceTree = "<group>"; };
		D2CC3372222522FC00CFAA28 /* test.txt */ = {isa = PBXFileReference; fileEncoding = 4; lastKnownFileType = text; name = test.txt; path = ../../../../../../../Cordova/hello/platforms/ios/cordova/node_modules/simctl/node_modules/shelljs/test.txt; sourceTree = "<group>"; };
		D2D5593A21F98AF1008112F9 /* Lecture04ViewController.swift */ = {isa = PBXFileReference; fileEncoding = 4; lastKnownFileType = sourcecode.swift; path = Lecture04ViewController.swift; sourceTree = "<group>"; };
		D2D5593B21F98AF1008112F9 /* Lecture09ViewController.swift */ = {isa = PBXFileReference; fileEncoding = 4; lastKnownFileType = sourcecode.swift; path = Lecture09ViewController.swift; sourceTree = "<group>"; };
		D2D5593C21F98AF1008112F9 /* Lecture13ViewController.swift */ = {isa = PBXFileReference; fileEncoding = 4; lastKnownFileType = sourcecode.swift; path = Lecture13ViewController.swift; sourceTree = "<group>"; };
		D2D5593D21F98AF1008112F9 /* Lecture08ViewController.swift */ = {isa = PBXFileReference; fileEncoding = 4; lastKnownFileType = sourcecode.swift; path = Lecture08ViewController.swift; sourceTree = "<group>"; };
		D2D5593E21F98AF2008112F9 /* Lecture05ViewController.swift */ = {isa = PBXFileReference; fileEncoding = 4; lastKnownFileType = sourcecode.swift; path = Lecture05ViewController.swift; sourceTree = "<group>"; };
		D2D5593F21F98AF2008112F9 /* Lecture15ViewController.swift */ = {isa = PBXFileReference; fileEncoding = 4; lastKnownFileType = sourcecode.swift; path = Lecture15ViewController.swift; sourceTree = "<group>"; };
		D2D5594021F98AF2008112F9 /* Lecture07ViewController.swift */ = {isa = PBXFileReference; fileEncoding = 4; lastKnownFileType = sourcecode.swift; path = Lecture07ViewController.swift; sourceTree = "<group>"; };
		D2D5594121F98AF2008112F9 /* Lecture10ViewController.swift */ = {isa = PBXFileReference; fileEncoding = 4; lastKnownFileType = sourcecode.swift; path = Lecture10ViewController.swift; sourceTree = "<group>"; };
		D2D5594221F98AF2008112F9 /* Lecture11ViewController.swift */ = {isa = PBXFileReference; fileEncoding = 4; lastKnownFileType = sourcecode.swift; path = Lecture11ViewController.swift; sourceTree = "<group>"; };
		D2D5594321F98AF2008112F9 /* Lecture12ViewController.swift */ = {isa = PBXFileReference; fileEncoding = 4; lastKnownFileType = sourcecode.swift; path = Lecture12ViewController.swift; sourceTree = "<group>"; };
		D2D5594421F98AF2008112F9 /* Lecture16ViewController.swift */ = {isa = PBXFileReference; fileEncoding = 4; lastKnownFileType = sourcecode.swift; path = Lecture16ViewController.swift; sourceTree = "<group>"; };
		D2D5594521F98AF2008112F9 /* Lecture02ViewController.swift */ = {isa = PBXFileReference; fileEncoding = 4; lastKnownFileType = sourcecode.swift; path = Lecture02ViewController.swift; sourceTree = "<group>"; };
		D2D5594621F98AF2008112F9 /* Lecture06ViewController.swift */ = {isa = PBXFileReference; fileEncoding = 4; lastKnownFileType = sourcecode.swift; path = Lecture06ViewController.swift; sourceTree = "<group>"; };
		D2D5594721F98AF2008112F9 /* Lecture14ViewController.swift */ = {isa = PBXFileReference; fileEncoding = 4; lastKnownFileType = sourcecode.swift; path = Lecture14ViewController.swift; sourceTree = "<group>"; };
		D2D5594821F98AF3008112F9 /* Lecture03ViewController.swift */ = {isa = PBXFileReference; fileEncoding = 4; lastKnownFileType = sourcecode.swift; path = Lecture03ViewController.swift; sourceTree = "<group>"; };
		EBA3746065C5EBC8EF114805 /* Pods_PFXRxSwiftTests.framework */ = {isa = PBXFileReference; explicitFileType = wrapper.framework; includeInIndex = 0; path = Pods_PFXRxSwiftTests.framework; sourceTree = BUILT_PRODUCTS_DIR; };
		FD67374006DF3DE56EF89CC0 /* Pods-PFXRxSwiftUITests.debug.xcconfig */ = {isa = PBXFileReference; includeInIndex = 1; lastKnownFileType = text.xcconfig; name = "Pods-PFXRxSwiftUITests.debug.xcconfig"; path = "Pods/Target Support Files/Pods-PFXRxSwiftUITests/Pods-PFXRxSwiftUITests.debug.xcconfig"; sourceTree = "<group>"; };
/* End PBXFileReference section */

/* Begin PBXFrameworksBuildPhase section */
		D22A6E9621ED6A8B00A865DC /* Frameworks */ = {
			isa = PBXFrameworksBuildPhase;
			buildActionMask = 2147483647;
			files = (
				690FFF45F5D11E652B8B0563 /* Pods_PFXRxSwift.framework in Frameworks */,
			);
			runOnlyForDeploymentPostprocessing = 0;
		};
		D22A6EAD21ED6A8D00A865DC /* Frameworks */ = {
			isa = PBXFrameworksBuildPhase;
			buildActionMask = 2147483647;
			files = (
				43BBCF864629DE089E61D198 /* Pods_PFXRxSwiftTests.framework in Frameworks */,
			);
			runOnlyForDeploymentPostprocessing = 0;
		};
		D22A6EB821ED6A8D00A865DC /* Frameworks */ = {
			isa = PBXFrameworksBuildPhase;
			buildActionMask = 2147483647;
			files = (
				6E9A62832C8F45933DE57607 /* Pods_PFXRxSwiftUITests.framework in Frameworks */,
			);
			runOnlyForDeploymentPostprocessing = 0;
		};
/* End PBXFrameworksBuildPhase section */

/* Begin PBXGroup section */
		351578EC702596E421E321DD /* Frameworks */ = {
			isa = PBXGroup;
			children = (
				2B6DC61497D1CEA7B5A0EEF8 /* Pods_PFXRxSwift.framework */,
				EBA3746065C5EBC8EF114805 /* Pods_PFXRxSwiftTests.framework */,
				9E9E5E9546B18E6A22167B22 /* Pods_PFXRxSwiftUITests.framework */,
			);
			name = Frameworks;
			sourceTree = "<group>";
		};
		36B466011EC0B55CA76E583D /* Pods */ = {
			isa = PBXGroup;
			children = (
				8A6C6375E10DE3DE0D6230EE /* Pods-PFXRxSwift.debug.xcconfig */,
				A7F362A186814BDA62281883 /* Pods-PFXRxSwift.release.xcconfig */,
				0FA4A0DD4D677C1A4CA2B2D0 /* Pods-PFXRxSwiftTests.debug.xcconfig */,
				9909FED78EB376FA438B0D91 /* Pods-PFXRxSwiftTests.release.xcconfig */,
				FD67374006DF3DE56EF89CC0 /* Pods-PFXRxSwiftUITests.debug.xcconfig */,
				1E96DFF6BAFF5F3A50E68DD6 /* Pods-PFXRxSwiftUITests.release.xcconfig */,
			);
			name = Pods;
			sourceTree = "<group>";
		};
		D22A6E9021ED6A8B00A865DC = {
			isa = PBXGroup;
			children = (
				D22A6E9B21ED6A8B00A865DC /* PFXRxSwift */,
				D22A6EB321ED6A8D00A865DC /* PFXRxSwiftTests */,
				D22A6EBE21ED6A8D00A865DC /* PFXRxSwiftUITests */,
				D22A6E9A21ED6A8B00A865DC /* Products */,
				36B466011EC0B55CA76E583D /* Pods */,
				351578EC702596E421E321DD /* Frameworks */,
			);
			sourceTree = "<group>";
		};
		D22A6E9A21ED6A8B00A865DC /* Products */ = {
			isa = PBXGroup;
			children = (
				D22A6E9921ED6A8B00A865DC /* PFXRxSwift.app */,
				D22A6EB021ED6A8D00A865DC /* PFXRxSwiftTests.xctest */,
				D22A6EBB21ED6A8D00A865DC /* PFXRxSwiftUITests.xctest */,
			);
			name = Products;
			sourceTree = "<group>";
		};
		D22A6E9B21ED6A8B00A865DC /* PFXRxSwift */ = {
			isa = PBXGroup;
			children = (
				D22A6ED221ED78DC00A865DC /* ViewControllers */,
				D22A6ECE21ED74D500A865DC /* Resources */,
				D22A6E9C21ED6A8B00A865DC /* AppDelegate.swift */,
				D22A6E9E21ED6A8B00A865DC /* ViewController.swift */,
				D22A6EA021ED6A8B00A865DC /* Main.storyboard */,
				D22A6EA621ED6A8D00A865DC /* Assets.xcassets */,
				D22A6EA821ED6A8D00A865DC /* LaunchScreen.storyboard */,
				D22A6EAB21ED6A8D00A865DC /* Info.plist */,
				D22A6EA321ED6A8B00A865DC /* PFXRxSwift.xcdatamodeld */,
			);
			path = PFXRxSwift;
			sourceTree = "<group>";
		};
		D22A6EB321ED6A8D00A865DC /* PFXRxSwiftTests */ = {
			isa = PBXGroup;
			children = (
				D22A6EB421ED6A8D00A865DC /* PFXRxSwiftTests.swift */,
				D22A6EB621ED6A8D00A865DC /* Info.plist */,
			);
			path = PFXRxSwiftTests;
			sourceTree = "<group>";
		};
		D22A6EBE21ED6A8D00A865DC /* PFXRxSwiftUITests */ = {
			isa = PBXGroup;
			children = (
				D22A6EBF21ED6A8D00A865DC /* PFXRxSwiftUITests.swift */,
				D22A6EC121ED6A8D00A865DC /* Info.plist */,
			);
			path = PFXRxSwiftUITests;
			sourceTree = "<group>";
		};
		D22A6ECE21ED74D500A865DC /* Resources */ = {
			isa = PBXGroup;
			children = (
				D2CC3371222522F500CFAA28 /* Files */,
				D22A6ECF21ED74DE00A865DC /* Lists */,
			);
			path = Resources;
			sourceTree = "<group>";
		};
		D22A6ECF21ED74DE00A865DC /* Lists */ = {
			isa = PBXGroup;
			children = (
				D22A6ED721ED795D00A865DC /* lectures.plist */,
			);
			path = Lists;
			sourceTree = "<group>";
		};
		D22A6ED221ED78DC00A865DC /* ViewControllers */ = {
			isa = PBXGroup;
			children = (
				D22A6ED421ED78EB00A865DC /* LectureControllers */,
				D22A6ED321ED78E200A865DC /* MainControllers */,
			);
			path = ViewControllers;
			sourceTree = "<group>";
		};
		D22A6ED321ED78E200A865DC /* MainControllers */ = {
			isa = PBXGroup;
			children = (
				D22A6ED521ED791300A865DC /* MainTableViewController.swift */,
			);
			path = MainControllers;
			sourceTree = "<group>";
		};
		D22A6ED421ED78EB00A865DC /* LectureControllers */ = {
			isa = PBXGroup;
			children = (
				D22A6ED921ED7A8900A865DC /* lectures.storyboard */,
				D277F02721F83D0C000D468F /* Lecture01ViewController.swift */,
				D2D5594521F98AF2008112F9 /* Lecture02ViewController.swift */,
				D2D5594821F98AF3008112F9 /* Lecture03ViewController.swift */,
				D2D5593A21F98AF1008112F9 /* Lecture04ViewController.swift */,
				D2D5593E21F98AF2008112F9 /* Lecture05ViewController.swift */,
				D2D5594621F98AF2008112F9 /* Lecture06ViewController.swift */,
				D2D5594021F98AF2008112F9 /* Lecture07ViewController.swift */,
				D2D5593D21F98AF1008112F9 /* Lecture08ViewController.swift */,
				D2D5593B21F98AF1008112F9 /* Lecture09ViewController.swift */,
				D2D5594121F98AF2008112F9 /* Lecture10ViewController.swift */,
				D2D5594221F98AF2008112F9 /* Lecture11ViewController.swift */,
				D2D5594321F98AF2008112F9 /* Lecture12ViewController.swift */,
				D2D5593C21F98AF1008112F9 /* Lecture13ViewController.swift */,
				D2D5594721F98AF2008112F9 /* Lecture14ViewController.swift */,
				D2D5593F21F98AF2008112F9 /* Lecture15ViewController.swift */,
				D2D5594421F98AF2008112F9 /* Lecture16ViewController.swift */,
			);
			path = LectureControllers;
			sourceTree = "<group>";
		};
		D2CC3371222522F500CFAA28 /* Files */ = {
			isa = PBXGroup;
			children = (
				D2CC3372222522FC00CFAA28 /* test.txt */,
			);
			path = Files;
			sourceTree = "<group>";
		};
/* End PBXGroup section */

/* Begin PBXNativeTarget section */
		D22A6E9821ED6A8B00A865DC /* PFXRxSwift */ = {
			isa = PBXNativeTarget;
			buildConfigurationList = D22A6EC421ED6A8D00A865DC /* Build configuration list for PBXNativeTarget "PFXRxSwift" */;
			buildPhases = (
				213549F5B2D0D903DC1D2E19 /* [CP] Check Pods Manifest.lock */,
				D22A6E9521ED6A8B00A865DC /* Sources */,
				D22A6E9621ED6A8B00A865DC /* Frameworks */,
				D22A6E9721ED6A8B00A865DC /* Resources */,
				EBAA568F0E09229E06D790DE /* [CP] Embed Pods Frameworks */,
			);
			buildRules = (
			);
			dependencies = (
			);
			name = PFXRxSwift;
			productName = PFXRxSwift;
			productReference = D22A6E9921ED6A8B00A865DC /* PFXRxSwift.app */;
			productType = "com.apple.product-type.application";
		};
		D22A6EAF21ED6A8D00A865DC /* PFXRxSwiftTests */ = {
			isa = PBXNativeTarget;
			buildConfigurationList = D22A6EC721ED6A8D00A865DC /* Build configuration list for PBXNativeTarget "PFXRxSwiftTests" */;
			buildPhases = (
				BF7310B91FCC31777397012D /* [CP] Check Pods Manifest.lock */,
				D22A6EAC21ED6A8D00A865DC /* Sources */,
				D22A6EAD21ED6A8D00A865DC /* Frameworks */,
				D22A6EAE21ED6A8D00A865DC /* Resources */,
			);
			buildRules = (
			);
			dependencies = (
				D22A6EB221ED6A8D00A865DC /* PBXTargetDependency */,
			);
			name = PFXRxSwiftTests;
			productName = PFXRxSwiftTests;
			productReference = D22A6EB021ED6A8D00A865DC /* PFXRxSwiftTests.xctest */;
			productType = "com.apple.product-type.bundle.unit-test";
		};
		D22A6EBA21ED6A8D00A865DC /* PFXRxSwiftUITests */ = {
			isa = PBXNativeTarget;
			buildConfigurationList = D22A6ECA21ED6A8D00A865DC /* Build configuration list for PBXNativeTarget "PFXRxSwiftUITests" */;
			buildPhases = (
				DD2E03916B20F227031D4911 /* [CP] Check Pods Manifest.lock */,
				D22A6EB721ED6A8D00A865DC /* Sources */,
				D22A6EB821ED6A8D00A865DC /* Frameworks */,
				D22A6EB921ED6A8D00A865DC /* Resources */,
			);
			buildRules = (
			);
			dependencies = (
				D22A6EBD21ED6A8D00A865DC /* PBXTargetDependency */,
			);
			name = PFXRxSwiftUITests;
			productName = PFXRxSwiftUITests;
			productReference = D22A6EBB21ED6A8D00A865DC /* PFXRxSwiftUITests.xctest */;
			productType = "com.apple.product-type.bundle.ui-testing";
		};
/* End PBXNativeTarget section */

/* Begin PBXProject section */
		D22A6E9121ED6A8B00A865DC /* Project object */ = {
			isa = PBXProject;
			attributes = {
				LastSwiftUpdateCheck = 1010;
				LastUpgradeCheck = 1010;
				ORGANIZATIONNAME = PFXStudio;
				TargetAttributes = {
					D22A6E9821ED6A8B00A865DC = {
						CreatedOnToolsVersion = 10.1;
					};
					D22A6EAF21ED6A8D00A865DC = {
						CreatedOnToolsVersion = 10.1;
						TestTargetID = D22A6E9821ED6A8B00A865DC;
					};
					D22A6EBA21ED6A8D00A865DC = {
						CreatedOnToolsVersion = 10.1;
						TestTargetID = D22A6E9821ED6A8B00A865DC;
					};
				};
			};
			buildConfigurationList = D22A6E9421ED6A8B00A865DC /* Build configuration list for PBXProject "PFXRxSwift" */;
			compatibilityVersion = "Xcode 9.3";
			developmentRegion = en;
			hasScannedForEncodings = 0;
			knownRegions = (
				en,
				Base,
			);
			mainGroup = D22A6E9021ED6A8B00A865DC;
			productRefGroup = D22A6E9A21ED6A8B00A865DC /* Products */;
			projectDirPath = "";
			projectRoot = "";
			targets = (
				D22A6E9821ED6A8B00A865DC /* PFXRxSwift */,
				D22A6EAF21ED6A8D00A865DC /* PFXRxSwiftTests */,
				D22A6EBA21ED6A8D00A865DC /* PFXRxSwiftUITests */,
			);
		};
/* End PBXProject section */

/* Begin PBXResourcesBuildPhase section */
		D22A6E9721ED6A8B00A865DC /* Resources */ = {
			isa = PBXResourcesBuildPhase;
			buildActionMask = 2147483647;
			files = (
				D22A6EAA21ED6A8D00A865DC /* LaunchScreen.storyboard in Resources */,
				D22A6EA721ED6A8D00A865DC /* Assets.xcassets in Resources */,
				D22A6EDA21ED7A8900A865DC /* lectures.storyboard in Resources */,
				D22A6EA221ED6A8B00A865DC /* Main.storyboard in Resources */,
				D2CC3373222522FC00CFAA28 /* test.txt in Resources */,
				D22A6ED821ED795D00A865DC /* lectures.plist in Resources */,
			);
			runOnlyForDeploymentPostprocessing = 0;
		};
		D22A6EAE21ED6A8D00A865DC /* Resources */ = {
			isa = PBXResourcesBuildPhase;
			buildActionMask = 2147483647;
			files = (
			);
			runOnlyForDeploymentPostprocessing = 0;
		};
		D22A6EB921ED6A8D00A865DC /* Resources */ = {
			isa = PBXResourcesBuildPhase;
			buildActionMask = 2147483647;
			files = (
			);
			runOnlyForDeploymentPostprocessing = 0;
		};
/* End PBXResourcesBuildPhase section */

/* Begin PBXShellScriptBuildPhase section */
		213549F5B2D0D903DC1D2E19 /* [CP] Check Pods Manifest.lock */ = {
			isa = PBXShellScriptBuildPhase;
			buildActionMask = 2147483647;
			files = (
			);
			inputPaths = (
				"${PODS_PODFILE_DIR_PATH}/Podfile.lock",
				"${PODS_ROOT}/Manifest.lock",
			);
			name = "[CP] Check Pods Manifest.lock";
			outputPaths = (
				"$(DERIVED_FILE_DIR)/Pods-PFXRxSwift-checkManifestLockResult.txt",
			);
			runOnlyForDeploymentPostprocessing = 0;
			shellPath = /bin/sh;
			shellScript = "diff \"${PODS_PODFILE_DIR_PATH}/Podfile.lock\" \"${PODS_ROOT}/Manifest.lock\" > /dev/null\nif [ $? != 0 ] ; then\n    # print error to STDERR\n    echo \"error: The sandbox is not in sync with the Podfile.lock. Run 'pod install' or update your CocoaPods installation.\" >&2\n    exit 1\nfi\n# This output is used by Xcode 'outputs' to avoid re-running this script phase.\necho \"SUCCESS\" > \"${SCRIPT_OUTPUT_FILE_0}\"\n";
			showEnvVarsInLog = 0;
		};
		BF7310B91FCC31777397012D /* [CP] Check Pods Manifest.lock */ = {
			isa = PBXShellScriptBuildPhase;
			buildActionMask = 2147483647;
			files = (
			);
			inputPaths = (
				"${PODS_PODFILE_DIR_PATH}/Podfile.lock",
				"${PODS_ROOT}/Manifest.lock",
			);
			name = "[CP] Check Pods Manifest.lock";
			outputPaths = (
				"$(DERIVED_FILE_DIR)/Pods-PFXRxSwiftTests-checkManifestLockResult.txt",
			);
			runOnlyForDeploymentPostprocessing = 0;
			shellPath = /bin/sh;
			shellScript = "diff \"${PODS_PODFILE_DIR_PATH}/Podfile.lock\" \"${PODS_ROOT}/Manifest.lock\" > /dev/null\nif [ $? != 0 ] ; then\n    # print error to STDERR\n    echo \"error: The sandbox is not in sync with the Podfile.lock. Run 'pod install' or update your CocoaPods installation.\" >&2\n    exit 1\nfi\n# This output is used by Xcode 'outputs' to avoid re-running this script phase.\necho \"SUCCESS\" > \"${SCRIPT_OUTPUT_FILE_0}\"\n";
			showEnvVarsInLog = 0;
		};
		DD2E03916B20F227031D4911 /* [CP] Check Pods Manifest.lock */ = {
			isa = PBXShellScriptBuildPhase;
			buildActionMask = 2147483647;
			files = (
			);
			inputPaths = (
				"${PODS_PODFILE_DIR_PATH}/Podfile.lock",
				"${PODS_ROOT}/Manifest.lock",
			);
			name = "[CP] Check Pods Manifest.lock";
			outputPaths = (
				"$(DERIVED_FILE_DIR)/Pods-PFXRxSwiftUITests-checkManifestLockResult.txt",
			);
			runOnlyForDeploymentPostprocessing = 0;
			shellPath = /bin/sh;
			shellScript = "diff \"${PODS_PODFILE_DIR_PATH}/Podfile.lock\" \"${PODS_ROOT}/Manifest.lock\" > /dev/null\nif [ $? != 0 ] ; then\n    # print error to STDERR\n    echo \"error: The sandbox is not in sync with the Podfile.lock. Run 'pod install' or update your CocoaPods installation.\" >&2\n    exit 1\nfi\n# This output is used by Xcode 'outputs' to avoid re-running this script phase.\necho \"SUCCESS\" > \"${SCRIPT_OUTPUT_FILE_0}\"\n";
			showEnvVarsInLog = 0;
		};
		EBAA568F0E09229E06D790DE /* [CP] Embed Pods Frameworks */ = {
			isa = PBXShellScriptBuildPhase;
			buildActionMask = 2147483647;
			files = (
			);
			inputPaths = (
				"${SRCROOT}/Pods/Target Support Files/Pods-PFXRxSwift/Pods-PFXRxSwift-frameworks.sh",
				"${BUILT_PRODUCTS_DIR}/Alamofire/Alamofire.framework",
				"${BUILT_PRODUCTS_DIR}/Differentiator/Differentiator.framework",
				"${BUILT_PRODUCTS_DIR}/RxAlamofire/RxAlamofire.framework",
				"${BUILT_PRODUCTS_DIR}/RxAtomic/RxAtomic.framework",
				"${BUILT_PRODUCTS_DIR}/RxCocoa/RxCocoa.framework",
				"${BUILT_PRODUCTS_DIR}/RxDataSources/RxDataSources.framework",
				"${BUILT_PRODUCTS_DIR}/RxOptional/RxOptional.framework",
				"${BUILT_PRODUCTS_DIR}/RxSwift/RxSwift.framework",
			);
			name = "[CP] Embed Pods Frameworks";
			outputPaths = (
				"${TARGET_BUILD_DIR}/${FRAMEWORKS_FOLDER_PATH}/Alamofire.framework",
				"${TARGET_BUILD_DIR}/${FRAMEWORKS_FOLDER_PATH}/Differentiator.framework",
				"${TARGET_BUILD_DIR}/${FRAMEWORKS_FOLDER_PATH}/RxAlamofire.framework",
				"${TARGET_BUILD_DIR}/${FRAMEWORKS_FOLDER_PATH}/RxAtomic.framework",
				"${TARGET_BUILD_DIR}/${FRAMEWORKS_FOLDER_PATH}/RxCocoa.framework",
				"${TARGET_BUILD_DIR}/${FRAMEWORKS_FOLDER_PATH}/RxDataSources.framework",
				"${TARGET_BUILD_DIR}/${FRAMEWORKS_FOLDER_PATH}/RxOptional.framework",
				"${TARGET_BUILD_DIR}/${FRAMEWORKS_FOLDER_PATH}/RxSwift.framework",
			);
			runOnlyForDeploymentPostprocessing = 0;
			shellPath = /bin/sh;
			shellScript = "\"${SRCROOT}/Pods/Target Support Files/Pods-PFXRxSwift/Pods-PFXRxSwift-frameworks.sh\"\n";
			showEnvVarsInLog = 0;
		};
/* End PBXShellScriptBuildPhase section */

/* Begin PBXSourcesBuildPhase section */
		D22A6E9521ED6A8B00A865DC /* Sources */ = {
			isa = PBXSourcesBuildPhase;
			buildActionMask = 2147483647;
			files = (
				D2D5595021F98AF3008112F9 /* Lecture10ViewController.swift in Sources */,
				D2D5594D21F98AF3008112F9 /* Lecture05ViewController.swift in Sources */,
				D2D5595621F98AF3008112F9 /* Lecture14ViewController.swift in Sources */,
				D2D5595321F98AF3008112F9 /* Lecture16ViewController.swift in Sources */,
				D2D5594A21F98AF3008112F9 /* Lecture09ViewController.swift in Sources */,
				D2D5594F21F98AF3008112F9 /* Lecture07ViewController.swift in Sources */,
				D22A6ED621ED791300A865DC /* MainTableViewController.swift in Sources */,
				D2D5595121F98AF3008112F9 /* Lecture11ViewController.swift in Sources */,
				D2D5594E21F98AF3008112F9 /* Lecture15ViewController.swift in Sources */,
				D2D5595421F98AF3008112F9 /* Lecture02ViewController.swift in Sources */,
				D22A6E9F21ED6A8B00A865DC /* ViewController.swift in Sources */,
				D22A6E9D21ED6A8B00A865DC /* AppDelegate.swift in Sources */,
				D2D5595521F98AF3008112F9 /* Lecture06ViewController.swift in Sources */,
				D2D5594C21F98AF3008112F9 /* Lecture08ViewController.swift in Sources */,
				D2D5595721F98AF3008112F9 /* Lecture03ViewController.swift in Sources */,
				D2D5594921F98AF3008112F9 /* Lecture04ViewController.swift in Sources */,
				D277F02821F83D0C000D468F /* Lecture01ViewController.swift in Sources */,
				D22A6EA521ED6A8B00A865DC /* PFXRxSwift.xcdatamodeld in Sources */,
				D2D5595221F98AF3008112F9 /* Lecture12ViewController.swift in Sources */,
				D2D5594B21F98AF3008112F9 /* Lecture13ViewController.swift in Sources */,
			);
			runOnlyForDeploymentPostprocessing = 0;
		};
		D22A6EAC21ED6A8D00A865DC /* Sources */ = {
			isa = PBXSourcesBuildPhase;
			buildActionMask = 2147483647;
			files = (
				D22A6EB521ED6A8D00A865DC /* PFXRxSwiftTests.swift in Sources */,
			);
			runOnlyForDeploymentPostprocessing = 0;
		};
		D22A6EB721ED6A8D00A865DC /* Sources */ = {
			isa = PBXSourcesBuildPhase;
			buildActionMask = 2147483647;
			files = (
				D22A6EC021ED6A8D00A865DC /* PFXRxSwiftUITests.swift in Sources */,
			);
			runOnlyForDeploymentPostprocessing = 0;
		};
/* End PBXSourcesBuildPhase section */

/* Begin PBXTargetDependency section */
		D22A6EB221ED6A8D00A865DC /* PBXTargetDependency */ = {
			isa = PBXTargetDependency;
			target = D22A6E9821ED6A8B00A865DC /* PFXRxSwift */;
			targetProxy = D22A6EB121ED6A8D00A865DC /* PBXContainerItemProxy */;
		};
		D22A6EBD21ED6A8D00A865DC /* PBXTargetDependency */ = {
			isa = PBXTargetDependency;
			target = D22A6E9821ED6A8B00A865DC /* PFXRxSwift */;
			targetProxy = D22A6EBC21ED6A8D00A865DC /* PBXContainerItemProxy */;
		};
/* End PBXTargetDependency section */

/* Begin PBXVariantGroup section */
		D22A6EA021ED6A8B00A865DC /* Main.storyboard */ = {
			isa = PBXVariantGroup;
			children = (
				D22A6EA121ED6A8B00A865DC /* Base */,
			);
			name = Main.storyboard;
			sourceTree = "<group>";
		};
		D22A6EA821ED6A8D00A865DC /* LaunchScreen.storyboard */ = {
			isa = PBXVariantGroup;
			children = (
				D22A6EA921ED6A8D00A865DC /* Base */,
			);
			name = LaunchScreen.storyboard;
			sourceTree = "<group>";
		};
/* End PBXVariantGroup section */

/* Begin XCBuildConfiguration section */
		D22A6EC221ED6A8D00A865DC /* Debug */ = {
			isa = XCBuildConfiguration;
			buildSettings = {
				ALWAYS_SEARCH_USER_PATHS = NO;
				CLANG_ANALYZER_NONNULL = YES;
				CLANG_ANALYZER_NUMBER_OBJECT_CONVERSION = YES_AGGRESSIVE;
				CLANG_CXX_LANGUAGE_STANDARD = "gnu++14";
				CLANG_CXX_LIBRARY = "libc++";
				CLANG_ENABLE_MODULES = YES;
				CLANG_ENABLE_OBJC_ARC = YES;
				CLANG_ENABLE_OBJC_WEAK = YES;
				CLANG_WARN_BLOCK_CAPTURE_AUTORELEASING = YES;
				CLANG_WARN_BOOL_CONVERSION = YES;
				CLANG_WARN_COMMA = YES;
				CLANG_WARN_CONSTANT_CONVERSION = YES;
				CLANG_WARN_DEPRECATED_OBJC_IMPLEMENTATIONS = YES;
				CLANG_WARN_DIRECT_OBJC_ISA_USAGE = YES_ERROR;
				CLANG_WARN_DOCUMENTATION_COMMENTS = YES;
				CLANG_WARN_EMPTY_BODY = YES;
				CLANG_WARN_ENUM_CONVERSION = YES;
				CLANG_WARN_INFINITE_RECURSION = YES;
				CLANG_WARN_INT_CONVERSION = YES;
				CLANG_WARN_NON_LITERAL_NULL_CONVERSION = YES;
				CLANG_WARN_OBJC_IMPLICIT_RETAIN_SELF = YES;
				CLANG_WARN_OBJC_LITERAL_CONVERSION = YES;
				CLANG_WARN_OBJC_ROOT_CLASS = YES_ERROR;
				CLANG_WARN_RANGE_LOOP_ANALYSIS = YES;
				CLANG_WARN_STRICT_PROTOTYPES = YES;
				CLANG_WARN_SUSPICIOUS_MOVE = YES;
				CLANG_WARN_UNGUARDED_AVAILABILITY = YES_AGGRESSIVE;
				CLANG_WARN_UNREACHABLE_CODE = YES;
				CLANG_WARN__DUPLICATE_METHOD_MATCH = YES;
				CODE_SIGN_IDENTITY = "iPhone Developer";
				COPY_PHASE_STRIP = NO;
				DEBUG_INFORMATION_FORMAT = dwarf;
				ENABLE_STRICT_OBJC_MSGSEND = YES;
				ENABLE_TESTABILITY = YES;
				GCC_C_LANGUAGE_STANDARD = gnu11;
				GCC_DYNAMIC_NO_PIC = NO;
				GCC_NO_COMMON_BLOCKS = YES;
				GCC_OPTIMIZATION_LEVEL = 0;
				GCC_PREPROCESSOR_DEFINITIONS = (
					"DEBUG=1",
					"$(inherited)",
				);
				GCC_WARN_64_TO_32_BIT_CONVERSION = YES;
				GCC_WARN_ABOUT_RETURN_TYPE = YES_ERROR;
				GCC_WARN_UNDECLARED_SELECTOR = YES;
				GCC_WARN_UNINITIALIZED_AUTOS = YES_AGGRESSIVE;
				GCC_WARN_UNUSED_FUNCTION = YES;
				GCC_WARN_UNUSED_VARIABLE = YES;
				IPHONEOS_DEPLOYMENT_TARGET = 12.1;
				MTL_ENABLE_DEBUG_INFO = INCLUDE_SOURCE;
				MTL_FAST_MATH = YES;
				ONLY_ACTIVE_ARCH = YES;
				SDKROOT = iphoneos;
				SWIFT_ACTIVE_COMPILATION_CONDITIONS = DEBUG;
				SWIFT_OPTIMIZATION_LEVEL = "-Onone";
			};
			name = Debug;
		};
		D22A6EC321ED6A8D00A865DC /* Release */ = {
			isa = XCBuildConfiguration;
			buildSettings = {
				ALWAYS_SEARCH_USER_PATHS = NO;
				CLANG_ANALYZER_NONNULL = YES;
				CLANG_ANALYZER_NUMBER_OBJECT_CONVERSION = YES_AGGRESSIVE;
				CLANG_CXX_LANGUAGE_STANDARD = "gnu++14";
				CLANG_CXX_LIBRARY = "libc++";
				CLANG_ENABLE_MODULES = YES;
				CLANG_ENABLE_OBJC_ARC = YES;
				CLANG_ENABLE_OBJC_WEAK = YES;
				CLANG_WARN_BLOCK_CAPTURE_AUTORELEASING = YES;
				CLANG_WARN_BOOL_CONVERSION = YES;
				CLANG_WARN_COMMA = YES;
				CLANG_WARN_CONSTANT_CONVERSION = YES;
				CLANG_WARN_DEPRECATED_OBJC_IMPLEMENTATIONS = YES;
				CLANG_WARN_DIRECT_OBJC_ISA_USAGE = YES_ERROR;
				CLANG_WARN_DOCUMENTATION_COMMENTS = YES;
				CLANG_WARN_EMPTY_BODY = YES;
				CLANG_WARN_ENUM_CONVERSION = YES;
				CLANG_WARN_INFINITE_RECURSION = YES;
				CLANG_WARN_INT_CONVERSION = YES;
				CLANG_WARN_NON_LITERAL_NULL_CONVERSION = YES;
				CLANG_WARN_OBJC_IMPLICIT_RETAIN_SELF = YES;
				CLANG_WARN_OBJC_LITERAL_CONVERSION = YES;
				CLANG_WARN_OBJC_ROOT_CLASS = YES_ERROR;
				CLANG_WARN_RANGE_LOOP_ANALYSIS = YES;
				CLANG_WARN_STRICT_PROTOTYPES = YES;
				CLANG_WARN_SUSPICIOUS_MOVE = YES;
				CLANG_WARN_UNGUARDED_AVAILABILITY = YES_AGGRESSIVE;
				CLANG_WARN_UNREACHABLE_CODE = YES;
				CLANG_WARN__DUPLICATE_METHOD_MATCH = YES;
				CODE_SIGN_IDENTITY = "iPhone Developer";
				COPY_PHASE_STRIP = NO;
				DEBUG_INFORMATION_FORMAT = "dwarf-with-dsym";
				ENABLE_NS_ASSERTIONS = NO;
				ENABLE_STRICT_OBJC_MSGSEND = YES;
				GCC_C_LANGUAGE_STANDARD = gnu11;
				GCC_NO_COMMON_BLOCKS = YES;
				GCC_WARN_64_TO_32_BIT_CONVERSION = YES;
				GCC_WARN_ABOUT_RETURN_TYPE = YES_ERROR;
				GCC_WARN_UNDECLARED_SELECTOR = YES;
				GCC_WARN_UNINITIALIZED_AUTOS = YES_AGGRESSIVE;
				GCC_WARN_UNUSED_FUNCTION = YES;
				GCC_WARN_UNUSED_VARIABLE = YES;
				IPHONEOS_DEPLOYMENT_TARGET = 12.1;
				MTL_ENABLE_DEBUG_INFO = NO;
				MTL_FAST_MATH = YES;
				SDKROOT = iphoneos;
				SWIFT_COMPILATION_MODE = wholemodule;
				SWIFT_OPTIMIZATION_LEVEL = "-O";
				VALIDATE_PRODUCT = YES;
			};
			name = Release;
		};
		D22A6EC521ED6A8D00A865DC /* Debug */ = {
			isa = XCBuildConfiguration;
			baseConfigurationReference = 8A6C6375E10DE3DE0D6230EE /* Pods-PFXRxSwift.debug.xcconfig */;
			buildSettings = {
				ASSETCATALOG_COMPILER_APPICON_NAME = AppIcon;
				CODE_SIGN_STYLE = Automatic;
				INFOPLIST_FILE = PFXRxSwift/Info.plist;
				LD_RUNPATH_SEARCH_PATHS = (
					"$(inherited)",
					"@executable_path/Frameworks",
				);
				PRODUCT_BUNDLE_IDENTIFIER = com.pfxstudio.PFXRxSwift;
				PRODUCT_NAME = "$(TARGET_NAME)";
				SWIFT_VERSION = 4.2;
				TARGETED_DEVICE_FAMILY = "1,2";
			};
			name = Debug;
		};
		D22A6EC621ED6A8D00A865DC /* Release */ = {
			isa = XCBuildConfiguration;
			baseConfigurationReference = A7F362A186814BDA62281883 /* Pods-PFXRxSwift.release.xcconfig */;
			buildSettings = {
				ASSETCATALOG_COMPILER_APPICON_NAME = AppIcon;
				CODE_SIGN_STYLE = Automatic;
				INFOPLIST_FILE = PFXRxSwift/Info.plist;
				LD_RUNPATH_SEARCH_PATHS = (
					"$(inherited)",
					"@executable_path/Frameworks",
				);
				PRODUCT_BUNDLE_IDENTIFIER = com.pfxstudio.PFXRxSwift;
				PRODUCT_NAME = "$(TARGET_NAME)";
				SWIFT_VERSION = 4.2;
				TARGETED_DEVICE_FAMILY = "1,2";
			};
			name = Release;
		};
		D22A6EC821ED6A8D00A865DC /* Debug */ = {
			isa = XCBuildConfiguration;
			baseConfigurationReference = 0FA4A0DD4D677C1A4CA2B2D0 /* Pods-PFXRxSwiftTests.debug.xcconfig */;
			buildSettings = {
				ALWAYS_EMBED_SWIFT_STANDARD_LIBRARIES = YES;
				BUNDLE_LOADER = "$(TEST_HOST)";
				CODE_SIGN_STYLE = Automatic;
				INFOPLIST_FILE = PFXRxSwiftTests/Info.plist;
				LD_RUNPATH_SEARCH_PATHS = (
					"$(inherited)",
					"@executable_path/Frameworks",
					"@loader_path/Frameworks",
				);
				PRODUCT_BUNDLE_IDENTIFIER = com.pfxstudio.PFXRxSwiftTests;
				PRODUCT_NAME = "$(TARGET_NAME)";
				SWIFT_VERSION = 4.2;
				TARGETED_DEVICE_FAMILY = "1,2";
				TEST_HOST = "$(BUILT_PRODUCTS_DIR)/PFXRxSwift.app/PFXRxSwift";
			};
			name = Debug;
		};
		D22A6EC921ED6A8D00A865DC /* Release */ = {
			isa = XCBuildConfiguration;
			baseConfigurationReference = 9909FED78EB376FA438B0D91 /* Pods-PFXRxSwiftTests.release.xcconfig */;
			buildSettings = {
				ALWAYS_EMBED_SWIFT_STANDARD_LIBRARIES = YES;
				BUNDLE_LOADER = "$(TEST_HOST)";
				CODE_SIGN_STYLE = Automatic;
				INFOPLIST_FILE = PFXRxSwiftTests/Info.plist;
				LD_RUNPATH_SEARCH_PATHS = (
					"$(inherited)",
					"@executable_path/Frameworks",
					"@loader_path/Frameworks",
				);
				PRODUCT_BUNDLE_IDENTIFIER = com.pfxstudio.PFXRxSwiftTests;
				PRODUCT_NAME = "$(TARGET_NAME)";
				SWIFT_VERSION = 4.2;
				TARGETED_DEVICE_FAMILY = "1,2";
				TEST_HOST = "$(BUILT_PRODUCTS_DIR)/PFXRxSwift.app/PFXRxSwift";
			};
			name = Release;
		};
		D22A6ECB21ED6A8D00A865DC /* Debug */ = {
			isa = XCBuildConfiguration;
			baseConfigurationReference = FD67374006DF3DE56EF89CC0 /* Pods-PFXRxSwiftUITests.debug.xcconfig */;
			buildSettings = {
				ALWAYS_EMBED_SWIFT_STANDARD_LIBRARIES = YES;
				CODE_SIGN_STYLE = Automatic;
				INFOPLIST_FILE = PFXRxSwiftUITests/Info.plist;
				LD_RUNPATH_SEARCH_PATHS = (
					"$(inherited)",
					"@executable_path/Frameworks",
					"@loader_path/Frameworks",
				);
				PRODUCT_BUNDLE_IDENTIFIER = com.pfxstudio.PFXRxSwiftUITests;
				PRODUCT_NAME = "$(TARGET_NAME)";
				SWIFT_VERSION = 4.2;
				TARGETED_DEVICE_FAMILY = "1,2";
				TEST_TARGET_NAME = PFXRxSwift;
			};
			name = Debug;
		};
		D22A6ECC21ED6A8D00A865DC /* Release */ = {
			isa = XCBuildConfiguration;
			baseConfigurationReference = 1E96DFF6BAFF5F3A50E68DD6 /* Pods-PFXRxSwiftUITests.release.xcconfig */;
			buildSettings = {
				ALWAYS_EMBED_SWIFT_STANDARD_LIBRARIES = YES;
				CODE_SIGN_STYLE = Automatic;
				INFOPLIST_FILE = PFXRxSwiftUITests/Info.plist;
				LD_RUNPATH_SEARCH_PATHS = (
					"$(inherited)",
					"@executable_path/Frameworks",
					"@loader_path/Frameworks",
				);
				PRODUCT_BUNDLE_IDENTIFIER = com.pfxstudio.PFXRxSwiftUITests;
				PRODUCT_NAME = "$(TARGET_NAME)";
				SWIFT_VERSION = 4.2;
				TARGETED_DEVICE_FAMILY = "1,2";
				TEST_TARGET_NAME = PFXRxSwift;
			};
			name = Release;
		};
/* End XCBuildConfiguration section */

/* Begin XCConfigurationList section */
		D22A6E9421ED6A8B00A865DC /* Build configuration list for PBXProject "PFXRxSwift" */ = {
			isa = XCConfigurationList;
			buildConfigurations = (
				D22A6EC221ED6A8D00A865DC /* Debug */,
				D22A6EC321ED6A8D00A865DC /* Release */,
			);
			defaultConfigurationIsVisible = 0;
			defaultConfigurationName = Release;
		};
		D22A6EC421ED6A8D00A865DC /* Build configuration list for PBXNativeTarget "PFXRxSwift" */ = {
			isa = XCConfigurationList;
			buildConfigurations = (
				D22A6EC521ED6A8D00A865DC /* Debug */,
				D22A6EC621ED6A8D00A865DC /* Release */,
			);
			defaultConfigurationIsVisible = 0;
			defaultConfigurationName = Release;
		};
		D22A6EC721ED6A8D00A865DC /* Build configuration list for PBXNativeTarget "PFXRxSwiftTests" */ = {
			isa = XCConfigurationList;
			buildConfigurations = (
				D22A6EC821ED6A8D00A865DC /* Debug */,
				D22A6EC921ED6A8D00A865DC /* Release */,
			);
			defaultConfigurationIsVisible = 0;
			defaultConfigurationName = Release;
		};
		D22A6ECA21ED6A8D00A865DC /* Build configuration list for PBXNativeTarget "PFXRxSwiftUITests" */ = {
			isa = XCConfigurationList;
			buildConfigurations = (
				D22A6ECB21ED6A8D00A865DC /* Debug */,
				D22A6ECC21ED6A8D00A865DC /* Release */,
			);
			defaultConfigurationIsVisible = 0;
			defaultConfigurationName = Release;
		};
/* End XCConfigurationList section */

/* Begin XCVersionGroup section */
		D22A6EA321ED6A8B00A865DC /* PFXRxSwift.xcdatamodeld */ = {
			isa = XCVersionGroup;
			children = (
				D22A6EA421ED6A8B00A865DC /* PFXRxSwift.xcdatamodel */,
			);
			currentVersion = D22A6EA421ED6A8B00A865DC /* PFXRxSwift.xcdatamodel */;
			path = PFXRxSwift.xcdatamodeld;
			sourceTree = "<group>";
			versionGroupType = wrapper.xcdatamodel;
		};
/* End XCVersionGroup section */
	};
	rootObject = D22A6E9121ED6A8B00A865DC /* Project object */;
}
